// !$*UTF8*$!
{
	archiveVersion = 1;
	classes = {
	};
	objectVersion = 46;
	objects = {

/* Begin PBXBuildFile section */
		72529EF01A0E35CB00C62E49 /* AppDelegate.swift in Sources */ = {isa = PBXBuildFile; fileRef = 72529EEF1A0E35CB00C62E49 /* AppDelegate.swift */; };
		72529EF21A0E35CB00C62E49 /* ViewController.swift in Sources */ = {isa = PBXBuildFile; fileRef = 72529EF11A0E35CB00C62E49 /* ViewController.swift */; };
		72529EF51A0E35CB00C62E49 /* Main.storyboard in Resources */ = {isa = PBXBuildFile; fileRef = 72529EF31A0E35CB00C62E49 /* Main.storyboard */; };
		72529EF71A0E35CB00C62E49 /* Images.xcassets in Resources */ = {isa = PBXBuildFile; fileRef = 72529EF61A0E35CB00C62E49 /* Images.xcassets */; };
		72529EFA1A0E35CB00C62E49 /* LaunchScreen.xib in Resources */ = {isa = PBXBuildFile; fileRef = 72529EF81A0E35CB00C62E49 /* LaunchScreen.xib */; };
		72529F061A0E35CB00C62E49 /* FirstTestTests.swift in Sources */ = {isa = PBXBuildFile; fileRef = 72529F051A0E35CB00C62E49 /* FirstTestTests.swift */; };
		725B23361A1C0DA30089DB25 /* CoreLocation.framework in Frameworks */ = {isa = PBXBuildFile; fileRef = 725B23351A1C0DA30089DB25 /* CoreLocation.framework */; };
		725B23381A1C0DB80089DB25 /* MapKit.framework in Frameworks */ = {isa = PBXBuildFile; fileRef = 725B23371A1C0DB80089DB25 /* MapKit.framework */; };
/* End PBXBuildFile section */

/* Begin PBXContainerItemProxy section */
		72529F001A0E35CB00C62E49 /* PBXContainerItemProxy */ = {
			isa = PBXContainerItemProxy;
			containerPortal = 72529EE21A0E35CB00C62E49 /* Project object */;
			proxyType = 1;
			remoteGlobalIDString = 72529EE91A0E35CB00C62E49;
			remoteInfo = FirstTest;
		};
/* End PBXContainerItemProxy section */

/* Begin PBXFileReference section */
		72529EEA1A0E35CB00C62E49 /* FirstTest.app */ = {isa = PBXFileReference; explicitFileType = wrapper.application; includeInIndex = 0; path = FirstTest.app; sourceTree = BUILT_PRODUCTS_DIR; };
		72529EEE1A0E35CB00C62E49 /* Info.plist */ = {isa = PBXFileReference; lastKnownFileType = text.plist.xml; path = Info.plist; sourceTree = "<group>"; };
		72529EEF1A0E35CB00C62E49 /* AppDelegate.swift */ = {isa = PBXFileReference; lastKnownFileType = sourcecode.swift; path = AppDelegate.swift; sourceTree = "<group>"; };
		72529EF11A0E35CB00C62E49 /* ViewController.swift */ = {isa = PBXFileReference; lastKnownFileType = sourcecode.swift; path = ViewController.swift; sourceTree = "<group>"; };
		72529EF41A0E35CB00C62E49 /* Base */ = {isa = PBXFileReference; lastKnownFileType = file.storyboard; name = Base; path = Base.lproj/Main.storyboard; sourceTree = "<group>"; };
		72529EF61A0E35CB00C62E49 /* Images.xcassets */ = {isa = PBXFileReference; lastKnownFileType = folder.assetcatalog; path = Images.xcassets; sourceTree = "<group>"; };
		72529EF91A0E35CB00C62E49 /* Base */ = {isa = PBXFileReference; lastKnownFileType = file.xib; name = Base; path = Base.lproj/LaunchScreen.xib; sourceTree = "<group>"; };
		72529EFF1A0E35CB00C62E49 /* FirstTestTests.xctest */ = {isa = PBXFileReference; explicitFileType = wrapper.cfbundle; includeInIndex = 0; path = FirstTestTests.xctest; sourceTree = BUILT_PRODUCTS_DIR; };
		72529F041A0E35CB00C62E49 /* Info.plist */ = {isa = PBXFileReference; lastKnownFileType = text.plist.xml; path = Info.plist; sourceTree = "<group>"; };
		72529F051A0E35CB00C62E49 /* FirstTestTests.swift */ = {isa = PBXFileReference; lastKnownFileType = sourcecode.swift; path = FirstTestTests.swift; sourceTree = "<group>"; };
		725B23351A1C0DA30089DB25 /* CoreLocation.framework */ = {isa = PBXFileReference; lastKnownFileType = wrapper.framework; name = CoreLocation.framework; path = System/Library/Frameworks/CoreLocation.framework; sourceTree = SDKROOT; };
		725B23371A1C0DB80089DB25 /* MapKit.framework */ = {isa = PBXFileReference; lastKnownFileType = wrapper.framework; name = MapKit.framework; path = System/Library/Frameworks/MapKit.framework; sourceTree = SDKROOT; };
/* End PBXFileReference section */

/* Begin PBXFrameworksBuildPhase section */
		72529EE71A0E35CB00C62E49 /* Frameworks */ = {
			isa = PBXFrameworksBuildPhase;
			buildActionMask = 2147483647;
			files = (
				725B23381A1C0DB80089DB25 /* MapKit.framework in Frameworks */,
				725B23361A1C0DA30089DB25 /* CoreLocation.framework in Frameworks */,
			);
			runOnlyForDeploymentPostprocessing = 0;
		};
		72529EFC1A0E35CB00C62E49 /* Frameworks */ = {
			isa = PBXFrameworksBuildPhase;
			buildActionMask = 2147483647;
			files = (
			);
			runOnlyForDeploymentPostprocessing = 0;
		};
/* End PBXFrameworksBuildPhase section */

/* Begin PBXGroup section */
		72529EE11A0E35CB00C62E49 = {
			isa = PBXGroup;
			children = (
				72529EEC1A0E35CB00C62E49 /* FirstTest */,
				725B23341A1C0D410089DB25 /* Frameworks */,
				72529F021A0E35CB00C62E49 /* FirstTestTests */,
				72529EEB1A0E35CB00C62E49 /* Products */,
			);
			sourceTree = "<group>";
		};
		72529EEB1A0E35CB00C62E49 /* Products */ = {
			isa = PBXGroup;
			children = (
				72529EEA1A0E35CB00C62E49 /* FirstTest.app */,
				72529EFF1A0E35CB00C62E49 /* FirstTestTests.xctest */,
			);
			name = Products;
			sourceTree = "<group>";
		};
		72529EEC1A0E35CB00C62E49 /* FirstTest */ = {
			isa = PBXGroup;
			children = (
				72529EEF1A0E35CB00C62E49 /* AppDelegate.swift */,
				72529EF11A0E35CB00C62E49 /* ViewController.swift */,
				72529EF31A0E35CB00C62E49 /* Main.storyboard */,
				72529EF61A0E35CB00C62E49 /* Images.xcassets */,
				72529EF81A0E35CB00C62E49 /* LaunchScreen.xib */,
				72529EED1A0E35CB00C62E49 /* Supporting Files */,
			);
			path = FirstTest;
			sourceTree = "<group>";
		};
		72529EED1A0E35CB00C62E49 /* Supporting Files */ = {
			isa = PBXGroup;
			children = (
				72529EEE1A0E35CB00C62E49 /* Info.plist */,
			);
			name = "Supporting Files";
			sourceTree = "<group>";
		};
		72529F021A0E35CB00C62E49 /* FirstTestTests */ = {
			isa = PBXGroup;
			children = (
				72529F051A0E35CB00C62E49 /* FirstTestTests.swift */,
				72529F031A0E35CB00C62E49 /* Supporting Files */,
			);
			path = FirstTestTests;
			sourceTree = "<group>";
		};
		72529F031A0E35CB00C62E49 /* Supporting Files */ = {
			isa = PBXGroup;
			children = (
				72529F041A0E35CB00C62E49 /* Info.plist */,
			);
			name = "Supporting Files";
			sourceTree = "<group>";
		};
		725B23341A1C0D410089DB25 /* Frameworks */ = {
			isa = PBXGroup;
			children = (
				725B23371A1C0DB80089DB25 /* MapKit.framework */,
				725B23351A1C0DA30089DB25 /* CoreLocation.framework */,
			);
			name = Frameworks;
			sourceTree = "<group>";
		};
/* End PBXGroup section */

/* Begin PBXNativeTarget section */
		72529EE91A0E35CB00C62E49 /* FirstTest */ = {
			isa = PBXNativeTarget;
			buildConfigurationList = 72529F091A0E35CB00C62E49 /* Build configuration list for PBXNativeTarget "FirstTest" */;
			buildPhases = (
				72529EE61A0E35CB00C62E49 /* Sources */,
				72529EE71A0E35CB00C62E49 /* Frameworks */,
				72529EE81A0E35CB00C62E49 /* Resources */,
			);
			buildRules = (
			);
			dependencies = (
			);
			name = FirstTest;
			productName = FirstTest;
			productReference = 72529EEA1A0E35CB00C62E49 /* FirstTest.app */;
			productType = "com.apple.product-type.application";
		};
		72529EFE1A0E35CB00C62E49 /* FirstTestTests */ = {
			isa = PBXNativeTarget;
			buildConfigurationList = 72529F0C1A0E35CB00C62E49 /* Build configuration list for PBXNativeTarget "FirstTestTests" */;
			buildPhases = (
				72529EFB1A0E35CB00C62E49 /* Sources */,
				72529EFC1A0E35CB00C62E49 /* Frameworks */,
				72529EFD1A0E35CB00C62E49 /* Resources */,
			);
			buildRules = (
			);
			dependencies = (
				72529F011A0E35CB00C62E49 /* PBXTargetDependency */,
			);
			name = FirstTestTests;
			productName = FirstTestTests;
			productReference = 72529EFF1A0E35CB00C62E49 /* FirstTestTests.xctest */;
			productType = "com.apple.product-type.bundle.unit-test";
		};
/* End PBXNativeTarget section */

/* Begin PBXProject section */
		72529EE21A0E35CB00C62E49 /* Project object */ = {
			isa = PBXProject;
			attributes = {
				LastUpgradeCheck = 0610;
				ORGANIZATIONNAME = "Vasile Enterprise Ltd";
				TargetAttributes = {
					72529EE91A0E35CB00C62E49 = {
						CreatedOnToolsVersion = 6.1;
						DevelopmentTeam = 79M59YBPJ7;
					};
					72529EFE1A0E35CB00C62E49 = {
						CreatedOnToolsVersion = 6.1;
						TestTargetID = 72529EE91A0E35CB00C62E49;
					};
				};
			};
			buildConfigurationList = 72529EE51A0E35CB00C62E49 /* Build configuration list for PBXProject "FirstTest" */;
			compatibilityVersion = "Xcode 3.2";
			developmentRegion = English;
			hasScannedForEncodings = 0;
			knownRegions = (
				en,
				Base,
			);
			mainGroup = 72529EE11A0E35CB00C62E49;
			productRefGroup = 72529EEB1A0E35CB00C62E49 /* Products */;
			projectDirPath = "";
			projectRoot = "";
			targets = (
				72529EE91A0E35CB00C62E49 /* FirstTest */,
				72529EFE1A0E35CB00C62E49 /* FirstTestTests */,
			);
		};
/* End PBXProject section */

/* Begin PBXResourcesBuildPhase section */
		72529EE81A0E35CB00C62E49 /* Resources */ = {
			isa = PBXResourcesBuildPhase;
			buildActionMask = 2147483647;
			files = (
				72529EF51A0E35CB00C62E49 /* Main.storyboard in Resources */,
				72529EFA1A0E35CB00C62E49 /* LaunchScreen.xib in Resources */,
				72529EF71A0E35CB00C62E49 /* Images.xcassets in Resources */,
			);
			runOnlyForDeploymentPostprocessing = 0;
		};
		72529EFD1A0E35CB00C62E49 /* Resources */ = {
			isa = PBXResourcesBuildPhase;
			buildActionMask = 2147483647;
			files = (
			);
			runOnlyForDeploymentPostprocessing = 0;
		};
/* End PBXResourcesBuildPhase section */

/* Begin PBXSourcesBuildPhase section */
		72529EE61A0E35CB00C62E49 /* Sources */ = {
			isa = PBXSourcesBuildPhase;
			buildActionMask = 2147483647;
			files = (
				72529EF21A0E35CB00C62E49 /* ViewController.swift in Sources */,
				72529EF01A0E35CB00C62E49 /* AppDelegate.swift in Sources */,
			);
			runOnlyForDeploymentPostprocessing = 0;
		};
		72529EFB1A0E35CB00C62E49 /* Sources */ = {
			isa = PBXSourcesBuildPhase;
			buildActionMask = 2147483647;
			files = (
				72529F061A0E35CB00C62E49 /* FirstTestTests.swift in Sources */,
			);
			runOnlyForDeploymentPostprocessing = 0;
		};
/* End PBXSourcesBuildPhase section */

/* Begin PBXTargetDependency section */
		72529F011A0E35CB00C62E49 /* PBXTargetDependency */ = {
			isa = PBXTargetDependency;
			target = 72529EE91A0E35CB00C62E49 /* FirstTest */;
			targetProxy = 72529F001A0E35CB00C62E49 /* PBXContainerItemProxy */;
		};
/* End PBXTargetDependency section */

/* Begin PBXVariantGroup section */
		72529EF31A0E35CB00C62E49 /* Main.storyboard */ = {
			isa = PBXVariantGroup;
			children = (
				72529EF41A0E35CB00C62E49 /* Base */,
			);
			name = Main.storyboard;
			sourceTree = "<group>";
		};
		72529EF81A0E35CB00C62E49 /* LaunchScreen.xib */ = {
			isa = PBXVariantGroup;
			children = (
				72529EF91A0E35CB00C62E49 /* Base */,
			);
			name = LaunchScreen.xib;
			sourceTree = "<group>";
		};
/* End PBXVariantGroup section */

/* Begin XCBuildConfiguration section */
		72529F071A0E35CB00C62E49 /* Debug */ = {
			isa = XCBuildConfiguration;
			buildSettings = {
				ALWAYS_SEARCH_USER_PATHS = NO;
				CLANG_CXX_LANGUAGE_STANDARD = "gnu++0x";
				CLANG_CXX_LIBRARY = "libc++";
				CLANG_ENABLE_MODULES = YES;
				CLANG_ENABLE_OBJC_ARC = YES;
				CLANG_WARN_BOOL_CONVERSION = YES;
				CLANG_WARN_CONSTANT_CONVERSION = YES;
				CLANG_WARN_DIRECT_OBJC_ISA_USAGE = YES_ERROR;
				CLANG_WARN_EMPTY_BODY = YES;
				CLANG_WARN_ENUM_CONVERSION = YES;
				CLANG_WARN_INT_CONVERSION = YES;
				CLANG_WARN_OBJC_ROOT_CLASS = YES_ERROR;
				CLANG_WARN_UNREACHABLE_CODE = YES;
				CLANG_WARN__DUPLICATE_METHOD_MATCH = YES;
				"CODE_SIGN_IDENTITY[sdk=iphoneos*]" = "iPhone Developer";
				COPY_PHASE_STRIP = NO;
				ENABLE_STRICT_OBJC_MSGSEND = YES;
				GCC_C_LANGUAGE_STANDARD = gnu99;
				GCC_DYNAMIC_NO_PIC = NO;
				GCC_OPTIMIZATION_LEVEL = 0;
				GCC_PREPROCESSOR_DEFINITIONS = (
					"DEBUG=1",
					"$(inherited)",
				);
				GCC_SYMBOLS_PRIVATE_EXTERN = NO;
				GCC_WARN_64_TO_32_BIT_CONVERSION = YES;
				GCC_WARN_ABOUT_RETURN_TYPE = YES_ERROR;
				GCC_WARN_UNDECLARED_SELECTOR = YES;
				GCC_WARN_UNINITIALIZED_AUTOS = YES_AGGRESSIVE;
				GCC_WARN_UNUSED_FUNCTION = YES;
				GCC_WARN_UNUSED_VARIABLE = YES;
				IPHONEOS_DEPLOYMENT_TARGET = 8.1;
				MTL_ENABLE_DEBUG_INFO = YES;
				ONLY_ACTIVE_ARCH = YES;
				SDKROOT = iphoneos;
				SWIFT_OPTIMIZATION_LEVEL = "-Onone";
			};
			name = Debug;
		};
		72529F081A0E35CB00C62E49 /* Release */ = {
			isa = XCBuildConfiguration;
			buildSettings = {
				ALWAYS_SEARCH_USER_PATHS = NO;
				CLANG_CXX_LANGUAGE_STANDARD = "gnu++0x";
				CLANG_CXX_LIBRARY = "libc++";
				CLANG_ENABLE_MODULES = YES;
				CLANG_ENABLE_OBJC_ARC = YES;
				CLANG_WARN_BOOL_CONVERSION = YES;
				CLANG_WARN_CONSTANT_CONVERSION = YES;
				CLANG_WARN_DIRECT_OBJC_ISA_USAGE = YES_ERROR;
				CLANG_WARN_EMPTY_BODY = YES;
				CLANG_WARN_ENUM_CONVERSION = YES;
				CLANG_WARN_INT_CONVERSION = YES;
				CLANG_WARN_OBJC_ROOT_CLASS = YES_ERROR;
				CLANG_WARN_UNREACHABLE_CODE = YES;
				CLANG_WARN__DUPLICATE_METHOD_MATCH = YES;
				"CODE_SIGN_IDENTITY[sdk=iphoneos*]" = "iPhone Developer";
				COPY_PHASE_STRIP = YES;
				ENABLE_NS_ASSERTIONS = NO;
				ENABLE_STRICT_OBJC_MSGSEND = YES;
				GCC_C_LANGUAGE_STANDARD = gnu99;
				GCC_WARN_64_TO_32_BIT_CONVERSION = YES;
				GCC_WARN_ABOUT_RETURN_TYPE = YES_ERROR;
				GCC_WARN_UNDECLARED_SELECTOR = YES;
				GCC_WARN_UNINITIALIZED_AUTOS = YES_AGGRESSIVE;
				GCC_WARN_UNUSED_FUNCTION = YES;
				GCC_WARN_UNUSED_VARIABLE = YES;
				IPHONEOS_DEPLOYMENT_TARGET = 8.1;
				MTL_ENABLE_DEBUG_INFO = NO;
				SDKROOT = iphoneos;
				VALIDATE_PRODUCT = YES;
			};
			name = Release;
		};
		72529F0A1A0E35CB00C62E49 /* Debug */ = {
			isa = XCBuildConfiguration;
			buildSettings = {
				ASSETCATALOG_COMPILER_APPICON_NAME = AppIcon;
				INFOPLIST_FILE = FirstTest/Info.plist;
				LD_RUNPATH_SEARCH_PATHS = "$(inherited) @executable_path/Frameworks";
				PRODUCT_NAME = "$(TARGET_NAME)";
			};
			name = Debug;
		};
		72529F0B1A0E35CB00C62E49 /* Release */ = {
			isa = XCBuildConfiguration;
			buildSettings = {
				ASSETCATALOG_COMPILER_APPICON_NAME = AppIcon;
				INFOPLIST_FILE = FirstTest/Info.plist;
				LD_RUNPATH_SEARCH_PATHS = "$(inherited) @executable_path/Frameworks";
				PRODUCT_NAME = "$(TARGET_NAME)";
			};
			name = Release;
		};
		72529F0D1A0E35CB00C62E49 /* Debug */ = {
			isa = XCBuildConfiguration;
			buildSettings = {
				BUNDLE_LOADER = "$(TEST_HOST)";
				FRAMEWORK_SEARCH_PATHS = (
					"$(SDKROOT)/Developer/Library/Frameworks",
					"$(inherited)",
				);
				GCC_PREPROCESSOR_DEFINITIONS = (
					"DEBUG=1",
					"$(inherited)",
				);
				INFOPLIST_FILE = FirstTestTests/Info.plist;
				LD_RUNPATH_SEARCH_PATHS = "$(inherited) @executable_path/Frameworks @loader_path/Frameworks";
				PRODUCT_NAME = "$(TARGET_NAME)";
				TEST_HOST = "$(BUILT_PRODUCTS_DIR)/FirstTest.app/FirstTest";
			};
			name = Debug;
		};
		72529F0E1A0E35CB00C62E49 /* Release */ = {
			isa = XCBuildConfiguration;
			buildSettings = {
				BUNDLE_LOADER = "$(TEST_HOST)";
				FRAMEWORK_SEARCH_PATHS = (
					"$(SDKROOT)/Developer/Library/Frameworks",
					"$(inherited)",
				);
				INFOPLIST_FILE = FirstTestTests/Info.plist;
				LD_RUNPATH_SEARCH_PATHS = "$(inherited) @executable_path/Frameworks @loader_path/Frameworks";
				PRODUCT_NAME = "$(TARGET_NAME)";
				TEST_HOST = "$(BUILT_PRODUCTS_DIR)/FirstTest.app/FirstTest";
			};
			name = Release;
		};
/* End XCBuildConfiguration section */

/* Begin XCConfigurationList section */
		72529EE51A0E35CB00C62E49 /* Build configuration list for PBXProject "FirstTest" */ = {
			isa = XCConfigurationList;
			buildConfigurations = (
				72529F071A0E35CB00C62E49 /* Debug */,
				72529F081A0E35CB00C62E49 /* Release */,
			);
			defaultConfigurationIsVisible = 0;
			defaultConfigurationName = Release;
		};
		72529F091A0E35CB00C62E49 /* Build configuration list for PBXNativeTarget "FirstTest" */ = {
			isa = XCConfigurationList;
			buildConfigurations = (
				72529F0A1A0E35CB00C62E49 /* Debug */,
				72529F0B1A0E35CB00C62E49 /* Release */,
			);
			defaultConfigurationIsVisible = 0;
			defaultConfigurationName = Release;
		};
		72529F0C1A0E35CB00C62E49 /* Build configuration list for PBXNativeTarget "FirstTestTests" */ = {
			isa = XCConfigurationList;
			buildConfigurations = (
				72529F0D1A0E35CB00C62E49 /* Debug */,
				72529F0E1A0E35CB00C62E49 /* Release */,
			);
			defaultConfigurationIsVisible = 0;
			defaultConfigurationName = Release;
		};
/* End XCConfigurationList section */
	};
	rootObject = 72529EE21A0E35CB00C62E49 /* Project object */;
}
